
Microsoft Visual Studio Solution File, Format Version 12.00
# Visual Studio Version 17
VisualStudioVersion = 17.0.32112.339
MinimumVisualStudioVersion = 10.0.40219.1
Project("{FAE04EC0-301F-11D3-BF4B-00C04F79EFBC}") = "Projet_MySQL", "Projet_MySQL\Projet_MySQL.csproj", "{99352FEA-6B57-4E98-98FE-50C836B50EF5}"
EndProject
Global
	GlobalSection(SolutionConfigurationPlatforms) = preSolution
		Debug|Any CPU = Debug|Any CPU
		Release|Any CPU = Release|Any CPU
	EndGlobalSection
	GlobalSection(ProjectConfigurationPlatforms) = postSolution
		{99352FEA-6B57-4E98-98FE-50C836B50EF5}.Debug|Any CPU.ActiveCfg = Debug|Any CPU
		{99352FEA-6B57-4E98-98FE-50C836B50EF5}.Debug|Any CPU.Build.0 = Debug|Any CPU
		{99352FEA-6B57-4E98-98FE-50C836B50EF5}.Release|Any CPU.ActiveCfg = Release|Any CPU
		{99352FEA-6B57-4E98-98FE-50C836B50EF5}.Release|Any CPU.Build.0 = Release|Any CPU
	EndGlobalSection
	GlobalSection(SolutionProperties) = preSolution
		HideSolutionNode = FALSE
	EndGlobalSection
	GlobalSection(ExtensibilityGlobals) = postSolution
		SolutionGuid = {F6D60B74-AA1B-4260-BF3F-55BD5BD93E02}
	EndGlobalSection
EndGlobal
